
Microsoft Visual Studio Solution File, Format Version 12.00
# Visual Studio 2012
Project("{FAE04EC0-301F-11D3-BF4B-00C04F79EFBC}") = "mazetest", "mazetest\mazetest.csproj", "{327CF8E0-FB20-46A1-8F06-80A3141E1EBF}"
EndProject
Global
	GlobalSection(SolutionConfigurationPlatforms) = preSolution
		Debug|Any CPU = Debug|Any CPU
		Release|Any CPU = Release|Any CPU
	EndGlobalSection
	GlobalSection(ProjectConfigurationPlatforms) = postSolution
		{327CF8E0-FB20-46A1-8F06-80A3141E1EBF}.Debug|Any CPU.ActiveCfg = Debug|Any CPU
		{327CF8E0-FB20-46A1-8F06-80A3141E1EBF}.Debug|Any CPU.Build.0 = Debug|Any CPU
		{327CF8E0-FB20-46A1-8F06-80A3141E1EBF}.Release|Any CPU.ActiveCfg = Release|Any CPU
		{327CF8E0-FB20-46A1-8F06-80A3141E1EBF}.Release|Any CPU.Build.0 = Release|Any CPU
	EndGlobalSection
	GlobalSection(SolutionProperties) = preSolution
		HideSolutionNode = FALSE
	EndGlobalSection
EndGlobal
